
Microsoft Visual Studio Solution File, Format Version 12.00
# Visual Studio Version 17
VisualStudioVersion = 17.5.33414.496
MinimumVisualStudioVersion = 10.0.40219.1
Project("{FAE04EC0-301F-11D3-BF4B-00C04F79EFBC}") = "SeleniumForAzurePipelines", "SeleniumForAzurePipelines.csproj", "{CAF3404E-FCB7-47F8-8DFA-EEEBC252265B}"
EndProject
Global
	GlobalSection(SolutionConfigurationPlatforms) = preSolution
		Debug|Any CPU = Debug|Any CPU
		Release|Any CPU = Release|Any CPU
	EndGlobalSection
	GlobalSection(ProjectConfigurationPlatforms) = postSolution
		{CAF3404E-FCB7-47F8-8DFA-EEEBC252265B}.Debug|Any CPU.ActiveCfg = Debug|Any CPU
		{CAF3404E-FCB7-47F8-8DFA-EEEBC252265B}.Debug|Any CPU.Build.0 = Debug|Any CPU
		{CAF3404E-FCB7-47F8-8DFA-EEEBC252265B}.Release|Any CPU.ActiveCfg = Release|Any CPU
		{CAF3404E-FCB7-47F8-8DFA-EEEBC252265B}.Release|Any CPU.Build.0 = Release|Any CPU
	EndGlobalSection
	GlobalSection(SolutionProperties) = preSolution
		HideSolutionNode = FALSE
	EndGlobalSection
	GlobalSection(ExtensibilityGlobals) = postSolution
		SolutionGuid = {C65A5668-B6EC-4E46-8AC7-9906DEBB4ECC}
	EndGlobalSection
EndGlobal
